
Microsoft Visual Studio Solution File, Format Version 12.00
# Visual Studio 14
VisualStudioVersion = 14.0.25123.0
MinimumVisualStudioVersion = 10.0.40219.1
Project("{FAE04EC0-301F-11D3-BF4B-00C04F79EFBC}") = "DAS.Domain", "DAS.Domain\DAS.Domain.csproj", "{E21F7956-C2BD-43CA-815E-E4967F840D69}"
EndProject
Project("{FAE04EC0-301F-11D3-BF4B-00C04F79EFBC}") = "DAS.ServiceCall", "DAS.ServiceCall\DAS.ServiceCall.csproj", "{A5314795-6DB8-45EC-87EB-A9D73232805F}"
EndProject
Project("{FAE04EC0-301F-11D3-BF4B-00C04F79EFBC}") = "Lunchboxweb", "Lunchboxweb\Lunchboxweb.csproj", "{FCB65216-825D-4C9B-8308-AE36DEBFDC38}"
EndProject
Project("{FAE04EC0-301F-11D3-BF4B-00C04F79EFBC}") = "Test", "Test\Test.csproj", "{74925268-EED8-44BF-8854-286F7B85A5B1}"
EndProject
Project("{FAE04EC0-301F-11D3-BF4B-00C04F79EFBC}") = "DAS.GoDaddyv2", "DAS.GoDaddyv2\DAS.GoDaddyv2.csproj", "{8A951D85-A016-4DFE-BFF5-A1B1C453B81F}"
EndProject
Project("{8BB2217D-0F2D-49D1-97BC-3654ED321F3B}") = "MVC", "MVC\MVC.xproj", "{8A453CA9-9F9D-4AE5-A75B-7C74385C8190}"
EndProject
Project("{FAE04EC0-301F-11D3-BF4B-00C04F79EFBC}") = "DAS.DAL2", "DAS.DAL2\DAS.DAL2.csproj", "{E20C8393-00A4-4B8F-A34E-8B55853D097D}"
EndProject
Project("{FAE04EC0-301F-11D3-BF4B-00C04F79EFBC}") = "LunchboxCode", "LunchboxCode\LunchboxCode.csproj", "{ABB4EC07-60C0-4C7F-A40D-9A876C1AFE26}"
EndProject
Project("{FAE04EC0-301F-11D3-BF4B-00C04F79EFBC}") = "DAS.Presentation", "DAS.Presentation\DAS.Presentation.csproj", "{50A59BA6-A993-4609-903D-BA70D9057F7A}"
EndProject
Global
	GlobalSection(SolutionConfigurationPlatforms) = preSolution
		Debug|Any CPU = Debug|Any CPU
		Release|Any CPU = Release|Any CPU
	EndGlobalSection
	GlobalSection(ProjectConfigurationPlatforms) = postSolution
		{E21F7956-C2BD-43CA-815E-E4967F840D69}.Debug|Any CPU.ActiveCfg = Debug|Any CPU
		{E21F7956-C2BD-43CA-815E-E4967F840D69}.Debug|Any CPU.Build.0 = Debug|Any CPU
		{E21F7956-C2BD-43CA-815E-E4967F840D69}.Release|Any CPU.ActiveCfg = Release|Any CPU
		{E21F7956-C2BD-43CA-815E-E4967F840D69}.Release|Any CPU.Build.0 = Release|Any CPU
		{A5314795-6DB8-45EC-87EB-A9D73232805F}.Debug|Any CPU.ActiveCfg = Debug|Any CPU
		{A5314795-6DB8-45EC-87EB-A9D73232805F}.Debug|Any CPU.Build.0 = Debug|Any CPU
		{A5314795-6DB8-45EC-87EB-A9D73232805F}.Release|Any CPU.ActiveCfg = Release|Any CPU
		{A5314795-6DB8-45EC-87EB-A9D73232805F}.Release|Any CPU.Build.0 = Release|Any CPU
		{FCB65216-825D-4C9B-8308-AE36DEBFDC38}.Debug|Any CPU.ActiveCfg = Debug|Any CPU
		{FCB65216-825D-4C9B-8308-AE36DEBFDC38}.Debug|Any CPU.Build.0 = Debug|Any CPU
		{FCB65216-825D-4C9B-8308-AE36DEBFDC38}.Release|Any CPU.ActiveCfg = Release|Any CPU
		{FCB65216-825D-4C9B-8308-AE36DEBFDC38}.Release|Any CPU.Build.0 = Release|Any CPU
		{74925268-EED8-44BF-8854-286F7B85A5B1}.Debug|Any CPU.ActiveCfg = Debug|Any CPU
		{74925268-EED8-44BF-8854-286F7B85A5B1}.Debug|Any CPU.Build.0 = Debug|Any CPU
		{74925268-EED8-44BF-8854-286F7B85A5B1}.Release|Any CPU.ActiveCfg = Release|Any CPU
		{74925268-EED8-44BF-8854-286F7B85A5B1}.Release|Any CPU.Build.0 = Release|Any CPU
		{8A951D85-A016-4DFE-BFF5-A1B1C453B81F}.Debug|Any CPU.ActiveCfg = Debug|Any CPU
		{8A951D85-A016-4DFE-BFF5-A1B1C453B81F}.Debug|Any CPU.Build.0 = Debug|Any CPU
		{8A951D85-A016-4DFE-BFF5-A1B1C453B81F}.Release|Any CPU.ActiveCfg = Release|Any CPU
		{8A951D85-A016-4DFE-BFF5-A1B1C453B81F}.Release|Any CPU.Build.0 = Release|Any CPU
		{8A453CA9-9F9D-4AE5-A75B-7C74385C8190}.Debug|Any CPU.ActiveCfg = Debug|Any CPU
		{8A453CA9-9F9D-4AE5-A75B-7C74385C8190}.Debug|Any CPU.Build.0 = Debug|Any CPU
		{8A453CA9-9F9D-4AE5-A75B-7C74385C8190}.Release|Any CPU.ActiveCfg = Release|Any CPU
		{8A453CA9-9F9D-4AE5-A75B-7C74385C8190}.Release|Any CPU.Build.0 = Release|Any CPU
		{E20C8393-00A4-4B8F-A34E-8B55853D097D}.Debug|Any CPU.ActiveCfg = Debug|Any CPU
		{E20C8393-00A4-4B8F-A34E-8B55853D097D}.Debug|Any CPU.Build.0 = Debug|Any CPU
		{E20C8393-00A4-4B8F-A34E-8B55853D097D}.Release|Any CPU.ActiveCfg = Release|Any CPU
		{E20C8393-00A4-4B8F-A34E-8B55853D097D}.Release|Any CPU.Build.0 = Release|Any CPU
		{ABB4EC07-60C0-4C7F-A40D-9A876C1AFE26}.Debug|Any CPU.ActiveCfg = Debug|Any CPU
		{ABB4EC07-60C0-4C7F-A40D-9A876C1AFE26}.Debug|Any CPU.Build.0 = Debug|Any CPU
		{ABB4EC07-60C0-4C7F-A40D-9A876C1AFE26}.Release|Any CPU.ActiveCfg = Release|Any CPU
		{ABB4EC07-60C0-4C7F-A40D-9A876C1AFE26}.Release|Any CPU.Build.0 = Release|Any CPU
		{50A59BA6-A993-4609-903D-BA70D9057F7A}.Debug|Any CPU.ActiveCfg = Debug|Any CPU
		{50A59BA6-A993-4609-903D-BA70D9057F7A}.Debug|Any CPU.Build.0 = Debug|Any CPU
		{50A59BA6-A993-4609-903D-BA70D9057F7A}.Release|Any CPU.ActiveCfg = Release|Any CPU
		{50A59BA6-A993-4609-903D-BA70D9057F7A}.Release|Any CPU.Build.0 = Release|Any CPU
	EndGlobalSection
	GlobalSection(SolutionProperties) = preSolution
		HideSolutionNode = FALSE
	EndGlobalSection
EndGlobal
